
Microsoft Visual Studio Solution File, Format Version 12.00
# Visual Studio 15
VisualStudioVersion = 15.0.28010.2026
MinimumVisualStudioVersion = 10.0.40219.1
Project("{FAE04EC0-301F-11D3-BF4B-00C04F79EFBC}") = "WiseTechGlobalTask2", "WiseTechGlobalTask2\WiseTechGlobalTask2.csproj", "{9D3FE123-F4D0-49CE-B172-961DF63D38CC}"
EndProject
Global
	GlobalSection(SolutionConfigurationPlatforms) = preSolution
		Debug|Any CPU = Debug|Any CPU
		Release|Any CPU = Release|Any CPU
	EndGlobalSection
	GlobalSection(ProjectConfigurationPlatforms) = postSolution
		{9D3FE123-F4D0-49CE-B172-961DF63D38CC}.Debug|Any CPU.ActiveCfg = Debug|Any CPU
		{9D3FE123-F4D0-49CE-B172-961DF63D38CC}.Debug|Any CPU.Build.0 = Debug|Any CPU
		{9D3FE123-F4D0-49CE-B172-961DF63D38CC}.Release|Any CPU.ActiveCfg = Release|Any CPU
		{9D3FE123-F4D0-49CE-B172-961DF63D38CC}.Release|Any CPU.Build.0 = Release|Any CPU
	EndGlobalSection
	GlobalSection(SolutionProperties) = preSolution
		HideSolutionNode = FALSE
	EndGlobalSection
	GlobalSection(ExtensibilityGlobals) = postSolution
		SolutionGuid = {3581175D-5C5E-4A94-8D5B-E76DB5C36320}
	EndGlobalSection
EndGlobal
